
Microsoft Visual Studio Solution File, Format Version 12.00
# Visual Studio Version 17
VisualStudioVersion = 17.11.35312.102
MinimumVisualStudioVersion = 10.0.40219.1
Project("{9A19103F-16F7-4668-BE54-9A1E7A4F7556}") = "Domain", "Domain\Domain.csproj", "{FF863FCA-9CCB-4171-AB7A-061D76F07F22}"
EndProject
Project("{9A19103F-16F7-4668-BE54-9A1E7A4F7556}") = "Service.Abstractions", "Service.Abstractions\Service.Abstractions.csproj", "{E4834BE5-2907-49D0-98CB-898F3BDC775D}"
EndProject
Project("{9A19103F-16F7-4668-BE54-9A1E7A4F7556}") = "Services", "Services\Services.csproj", "{8ED2ECD1-9B31-4AF8-BAE6-4CEFDB366F39}"
EndProject
Project("{9A19103F-16F7-4668-BE54-9A1E7A4F7556}") = "Web", "Presentation\Web.csproj", "{A21707B4-B744-4250-862A-8F40D59DED34}"
EndProject
Project("{9A19103F-16F7-4668-BE54-9A1E7A4F7556}") = "Shared", "Shared\Shared.csproj", "{C05DA5E8-5225-4052-B50F-DAFCC866E728}"
EndProject
Project("{2150E333-8FDC-42A3-9474-1A3956D46DE8}") = "Service", "Service", "{7724F8BA-CF3E-41DA-8142-9F8761542359}"
EndProject
Project("{2150E333-8FDC-42A3-9474-1A3956D46DE8}") = "Core", "Core", "{8E471F85-693F-415C-B1A1-6E477689F14E}"
EndProject
Global
	GlobalSection(SolutionConfigurationPlatforms) = preSolution
		Debug|Any CPU = Debug|Any CPU
		Release|Any CPU = Release|Any CPU
	EndGlobalSection
	GlobalSection(ProjectConfigurationPlatforms) = postSolution
		{FF863FCA-9CCB-4171-AB7A-061D76F07F22}.Debug|Any CPU.ActiveCfg = Debug|Any CPU
		{FF863FCA-9CCB-4171-AB7A-061D76F07F22}.Debug|Any CPU.Build.0 = Debug|Any CPU
		{FF863FCA-9CCB-4171-AB7A-061D76F07F22}.Release|Any CPU.ActiveCfg = Release|Any CPU
		{FF863FCA-9CCB-4171-AB7A-061D76F07F22}.Release|Any CPU.Build.0 = Release|Any CPU
		{E4834BE5-2907-49D0-98CB-898F3BDC775D}.Debug|Any CPU.ActiveCfg = Debug|Any CPU
		{E4834BE5-2907-49D0-98CB-898F3BDC775D}.Debug|Any CPU.Build.0 = Debug|Any CPU
		{E4834BE5-2907-49D0-98CB-898F3BDC775D}.Release|Any CPU.ActiveCfg = Release|Any CPU
		{E4834BE5-2907-49D0-98CB-898F3BDC775D}.Release|Any CPU.Build.0 = Release|Any CPU
		{8ED2ECD1-9B31-4AF8-BAE6-4CEFDB366F39}.Debug|Any CPU.ActiveCfg = Debug|Any CPU
		{8ED2ECD1-9B31-4AF8-BAE6-4CEFDB366F39}.Debug|Any CPU.Build.0 = Debug|Any CPU
		{8ED2ECD1-9B31-4AF8-BAE6-4CEFDB366F39}.Release|Any CPU.ActiveCfg = Release|Any CPU
		{8ED2ECD1-9B31-4AF8-BAE6-4CEFDB366F39}.Release|Any CPU.Build.0 = Release|Any CPU
		{A21707B4-B744-4250-862A-8F40D59DED34}.Debug|Any CPU.ActiveCfg = Debug|Any CPU
		{A21707B4-B744-4250-862A-8F40D59DED34}.Debug|Any CPU.Build.0 = Debug|Any CPU
		{A21707B4-B744-4250-862A-8F40D59DED34}.Release|Any CPU.ActiveCfg = Release|Any CPU
		{A21707B4-B744-4250-862A-8F40D59DED34}.Release|Any CPU.Build.0 = Release|Any CPU
		{C05DA5E8-5225-4052-B50F-DAFCC866E728}.Debug|Any CPU.ActiveCfg = Debug|Any CPU
		{C05DA5E8-5225-4052-B50F-DAFCC866E728}.Debug|Any CPU.Build.0 = Debug|Any CPU
		{C05DA5E8-5225-4052-B50F-DAFCC866E728}.Release|Any CPU.ActiveCfg = Release|Any CPU
		{C05DA5E8-5225-4052-B50F-DAFCC866E728}.Release|Any CPU.Build.0 = Release|Any CPU
	EndGlobalSection
	GlobalSection(SolutionProperties) = preSolution
		HideSolutionNode = FALSE
	EndGlobalSection
	GlobalSection(NestedProjects) = preSolution
		{FF863FCA-9CCB-4171-AB7A-061D76F07F22} = {8E471F85-693F-415C-B1A1-6E477689F14E}
		{E4834BE5-2907-49D0-98CB-898F3BDC775D} = {7724F8BA-CF3E-41DA-8142-9F8761542359}
		{8ED2ECD1-9B31-4AF8-BAE6-4CEFDB366F39} = {7724F8BA-CF3E-41DA-8142-9F8761542359}
	EndGlobalSection
	GlobalSection(ExtensibilityGlobals) = postSolution
		SolutionGuid = {33952395-2A5D-4741-9D48-6DF733B86723}
	EndGlobalSection
EndGlobal
